
Microsoft Visual Studio Solution File, Format Version 12.00
# Visual Studio 2015
Project("{FAE04EC0-301F-11D3-BF4B-00C04F79EFBC}") = "SchoolStuff.CSharp.Plugins", "SchoolStuff.CSharp.Plugins.csproj", "{FB287EF5-A0D0-A5DA-A219-AE73724FF2B7}"
EndProject
Project("{FAE04EC0-301F-11D3-BF4B-00C04F79EFBC}") = "SchoolStuff.CSharp", "SchoolStuff.CSharp.csproj", "{2C5D9361-ED72-6C72-7F4C-B1DFB6E8E028}"
EndProject
Project("{FAE04EC0-301F-11D3-BF4B-00C04F79EFBC}") = "SchoolStuff.CSharp.Editor", "SchoolStuff.CSharp.Editor.csproj", "{861C9547-11D5-3C1A-ED68-E908D069C93B}"
EndProject
Global
	GlobalSection(SolutionConfigurationPlatforms) = preSolution
		Debug|Any CPU = Debug|Any CPU
		Release|Any CPU = Release|Any CPU
	EndGlobalSection
	GlobalSection(ProjectConfigurationPlatforms) = postSolution
		{FB287EF5-A0D0-A5DA-A219-AE73724FF2B7}.Debug|Any CPU.ActiveCfg = Debug|Any CPU
		{FB287EF5-A0D0-A5DA-A219-AE73724FF2B7}.Debug|Any CPU.Build.0 = Debug|Any CPU
		{FB287EF5-A0D0-A5DA-A219-AE73724FF2B7}.Release|Any CPU.ActiveCfg = Release|Any CPU
		{FB287EF5-A0D0-A5DA-A219-AE73724FF2B7}.Release|Any CPU.Build.0 = Release|Any CPU
		{2C5D9361-ED72-6C72-7F4C-B1DFB6E8E028}.Debug|Any CPU.ActiveCfg = Debug|Any CPU
		{2C5D9361-ED72-6C72-7F4C-B1DFB6E8E028}.Debug|Any CPU.Build.0 = Debug|Any CPU
		{2C5D9361-ED72-6C72-7F4C-B1DFB6E8E028}.Release|Any CPU.ActiveCfg = Release|Any CPU
		{2C5D9361-ED72-6C72-7F4C-B1DFB6E8E028}.Release|Any CPU.Build.0 = Release|Any CPU
		{861C9547-11D5-3C1A-ED68-E908D069C93B}.Debug|Any CPU.ActiveCfg = Debug|Any CPU
		{861C9547-11D5-3C1A-ED68-E908D069C93B}.Debug|Any CPU.Build.0 = Debug|Any CPU
		{861C9547-11D5-3C1A-ED68-E908D069C93B}.Release|Any CPU.ActiveCfg = Release|Any CPU
		{861C9547-11D5-3C1A-ED68-E908D069C93B}.Release|Any CPU.Build.0 = Release|Any CPU
	EndGlobalSection
	GlobalSection(SolutionProperties) = preSolution
		HideSolutionNode = FALSE
	EndGlobalSection
EndGlobal
